
Microsoft Visual Studio Solution File, Format Version 12.00
# Visual Studio Version 17
VisualStudioVersion = 17.13.35825.156
MinimumVisualStudioVersion = 10.0.40219.1
Project("{9A19103F-16F7-4668-BE54-9A1E7A4F7556}") = "ApiClientLibrary", "ApiClientLibrary\ApiClientLibrary.csproj", "{D0A200EC-E715-4BF3-9448-6B4811707AAD}"
EndProject
Project("{9A19103F-16F7-4668-BE54-9A1E7A4F7556}") = "Practica1ConfiguracionInicial", "ApiClientTest\Practica1ConfiguracionInicial.csproj", "{11574F44-D2F3-4137-9239-681FD6B7CEEC}"
EndProject
Project("{FAE04EC0-301F-11D3-BF4B-00C04F79EFBC}") = "Practica2Intrumento", "Practica2\Practica2Intrumento.csproj", "{972F06C1-E818-4A9D-9B2D-78D5747F9582}"
EndProject
Project("{FAE04EC0-301F-11D3-BF4B-00C04F79EFBC}") = "Practica6Norma", "Practica3Norma\Practica6Norma.csproj", "{0692F023-5A72-4DFA-A2CD-5554D456C036}"
EndProject
Project("{FAE04EC0-301F-11D3-BF4B-00C04F79EFBC}") = "Practica4ValoresReferencia", "Practica4ValoresReferencia\Practica4ValoresReferencia.csproj", "{D7BC1338-AADF-428B-AED2-8A0D8F99B21B}"
EndProject
Project("{FAE04EC0-301F-11D3-BF4B-00C04F79EFBC}") = "Practica5Producto", "Practica5Producto\Practica5Producto.csproj", "{8A45C7FD-A431-4C72-AA84-CBD661214FFB}"
EndProject
Project("{FAE04EC0-301F-11D3-BF4B-00C04F79EFBC}") = "Practica7Pruebas", "Practica7Pruebas\Practica7Pruebas.csproj", "{44A8FAF8-F085-4881-97BC-F5353831E148}"
EndProject
Project("{FAE04EC0-301F-11D3-BF4B-00C04F79EFBC}") = "Practica8Contratos", "Practica8Contratos\Practica8Contratos.csproj", "{63C9769A-C83E-4F06-B93B-AA180E7EC5DC}"
EndProject
Project("{FAE04EC0-301F-11D3-BF4B-00C04F79EFBC}") = "Practica9OrdenFabricacion", "Practica9OrdenFabricacion\Practica9OrdenFabricacion.csproj", "{D17A00D2-D64E-48C9-A984-82E3EC7F8825}"
EndProject
Project("{FAE04EC0-301F-11D3-BF4B-00C04F79EFBC}") = "Practica10ExpedientePruebas", "Practica10ExpedientePruebas\Practica10ExpedientePruebas.csproj", "{95E396F3-BCEF-4EF5-B4C8-2216E6EBD0C2}"
EndProject
Project("{FAE04EC0-301F-11D3-BF4B-00C04F79EFBC}") = "Practica3Prototipos", "Practica3Prototipos\Practica3Prototipos.csproj", "{49CAC1E8-4A16-468F-B77A-5E47BD535D06}"
EndProject
Project("{FAE04EC0-301F-11D3-BF4B-00C04F79EFBC}") = "Practica11PruebasLiberacion", "Practica11PruebasLiberacion\Practica11PruebasLiberacion.csproj", "{30BE1AEF-B818-44A5-AD55-A1F16EFA7B7D}"
EndProject
Project("{2150E333-8FDC-42A3-9474-1A3956D46DE8}") = "Practicas", "Practicas", "{02EA681E-C7D8-13C7-8484-4AC65E1B71E8}"
EndProject
Project("{2150E333-8FDC-42A3-9474-1A3956D46DE8}") = "F1_ConfiguracionInicial", "F1_ConfiguracionInicial", "{60CCACD6-8E29-45ED-88FA-2C3E9691758B}"
EndProject
Project("{2150E333-8FDC-42A3-9474-1A3956D46DE8}") = "F2_PreparacionFabricacion", "F2_PreparacionFabricacion", "{96607A76-1FC2-4809-A049-B30174DBB66D}"
EndProject
Global
	GlobalSection(SolutionConfigurationPlatforms) = preSolution
		Debug|Any CPU = Debug|Any CPU
		Release|Any CPU = Release|Any CPU
	EndGlobalSection
	GlobalSection(ProjectConfigurationPlatforms) = postSolution
		{D0A200EC-E715-4BF3-9448-6B4811707AAD}.Debug|Any CPU.ActiveCfg = Debug|Any CPU
		{D0A200EC-E715-4BF3-9448-6B4811707AAD}.Debug|Any CPU.Build.0 = Debug|Any CPU
		{D0A200EC-E715-4BF3-9448-6B4811707AAD}.Release|Any CPU.ActiveCfg = Release|Any CPU
		{D0A200EC-E715-4BF3-9448-6B4811707AAD}.Release|Any CPU.Build.0 = Release|Any CPU
		{11574F44-D2F3-4137-9239-681FD6B7CEEC}.Debug|Any CPU.ActiveCfg = Debug|Any CPU
		{11574F44-D2F3-4137-9239-681FD6B7CEEC}.Debug|Any CPU.Build.0 = Debug|Any CPU
		{11574F44-D2F3-4137-9239-681FD6B7CEEC}.Release|Any CPU.ActiveCfg = Release|Any CPU
		{11574F44-D2F3-4137-9239-681FD6B7CEEC}.Release|Any CPU.Build.0 = Release|Any CPU
		{972F06C1-E818-4A9D-9B2D-78D5747F9582}.Debug|Any CPU.ActiveCfg = Debug|Any CPU
		{972F06C1-E818-4A9D-9B2D-78D5747F9582}.Debug|Any CPU.Build.0 = Debug|Any CPU
		{972F06C1-E818-4A9D-9B2D-78D5747F9582}.Release|Any CPU.ActiveCfg = Release|Any CPU
		{972F06C1-E818-4A9D-9B2D-78D5747F9582}.Release|Any CPU.Build.0 = Release|Any CPU
		{0692F023-5A72-4DFA-A2CD-5554D456C036}.Debug|Any CPU.ActiveCfg = Debug|Any CPU
		{0692F023-5A72-4DFA-A2CD-5554D456C036}.Debug|Any CPU.Build.0 = Debug|Any CPU
		{0692F023-5A72-4DFA-A2CD-5554D456C036}.Release|Any CPU.ActiveCfg = Release|Any CPU
		{0692F023-5A72-4DFA-A2CD-5554D456C036}.Release|Any CPU.Build.0 = Release|Any CPU
		{D7BC1338-AADF-428B-AED2-8A0D8F99B21B}.Debug|Any CPU.ActiveCfg = Debug|Any CPU
		{D7BC1338-AADF-428B-AED2-8A0D8F99B21B}.Debug|Any CPU.Build.0 = Debug|Any CPU
		{D7BC1338-AADF-428B-AED2-8A0D8F99B21B}.Release|Any CPU.ActiveCfg = Release|Any CPU
		{D7BC1338-AADF-428B-AED2-8A0D8F99B21B}.Release|Any CPU.Build.0 = Release|Any CPU
		{8A45C7FD-A431-4C72-AA84-CBD661214FFB}.Debug|Any CPU.ActiveCfg = Debug|Any CPU
		{8A45C7FD-A431-4C72-AA84-CBD661214FFB}.Debug|Any CPU.Build.0 = Debug|Any CPU
		{8A45C7FD-A431-4C72-AA84-CBD661214FFB}.Release|Any CPU.ActiveCfg = Release|Any CPU
		{8A45C7FD-A431-4C72-AA84-CBD661214FFB}.Release|Any CPU.Build.0 = Release|Any CPU
		{44A8FAF8-F085-4881-97BC-F5353831E148}.Debug|Any CPU.ActiveCfg = Debug|Any CPU
		{44A8FAF8-F085-4881-97BC-F5353831E148}.Debug|Any CPU.Build.0 = Debug|Any CPU
		{44A8FAF8-F085-4881-97BC-F5353831E148}.Release|Any CPU.ActiveCfg = Release|Any CPU
		{44A8FAF8-F085-4881-97BC-F5353831E148}.Release|Any CPU.Build.0 = Release|Any CPU
		{63C9769A-C83E-4F06-B93B-AA180E7EC5DC}.Debug|Any CPU.ActiveCfg = Debug|Any CPU
		{63C9769A-C83E-4F06-B93B-AA180E7EC5DC}.Debug|Any CPU.Build.0 = Debug|Any CPU
		{63C9769A-C83E-4F06-B93B-AA180E7EC5DC}.Release|Any CPU.ActiveCfg = Release|Any CPU
		{63C9769A-C83E-4F06-B93B-AA180E7EC5DC}.Release|Any CPU.Build.0 = Release|Any CPU
		{D17A00D2-D64E-48C9-A984-82E3EC7F8825}.Debug|Any CPU.ActiveCfg = Debug|Any CPU
		{D17A00D2-D64E-48C9-A984-82E3EC7F8825}.Debug|Any CPU.Build.0 = Debug|Any CPU
		{D17A00D2-D64E-48C9-A984-82E3EC7F8825}.Release|Any CPU.ActiveCfg = Release|Any CPU
		{D17A00D2-D64E-48C9-A984-82E3EC7F8825}.Release|Any CPU.Build.0 = Release|Any CPU
		{95E396F3-BCEF-4EF5-B4C8-2216E6EBD0C2}.Debug|Any CPU.ActiveCfg = Debug|Any CPU
		{95E396F3-BCEF-4EF5-B4C8-2216E6EBD0C2}.Debug|Any CPU.Build.0 = Debug|Any CPU
		{95E396F3-BCEF-4EF5-B4C8-2216E6EBD0C2}.Release|Any CPU.ActiveCfg = Release|Any CPU
		{95E396F3-BCEF-4EF5-B4C8-2216E6EBD0C2}.Release|Any CPU.Build.0 = Release|Any CPU
		{49CAC1E8-4A16-468F-B77A-5E47BD535D06}.Debug|Any CPU.ActiveCfg = Debug|Any CPU
		{49CAC1E8-4A16-468F-B77A-5E47BD535D06}.Debug|Any CPU.Build.0 = Debug|Any CPU
		{49CAC1E8-4A16-468F-B77A-5E47BD535D06}.Release|Any CPU.ActiveCfg = Release|Any CPU
		{49CAC1E8-4A16-468F-B77A-5E47BD535D06}.Release|Any CPU.Build.0 = Release|Any CPU
		{30BE1AEF-B818-44A5-AD55-A1F16EFA7B7D}.Debug|Any CPU.ActiveCfg = Debug|Any CPU
		{30BE1AEF-B818-44A5-AD55-A1F16EFA7B7D}.Debug|Any CPU.Build.0 = Debug|Any CPU
		{30BE1AEF-B818-44A5-AD55-A1F16EFA7B7D}.Release|Any CPU.ActiveCfg = Release|Any CPU
		{30BE1AEF-B818-44A5-AD55-A1F16EFA7B7D}.Release|Any CPU.Build.0 = Release|Any CPU
	EndGlobalSection
	GlobalSection(SolutionProperties) = preSolution
		HideSolutionNode = FALSE
	EndGlobalSection
	GlobalSection(NestedProjects) = preSolution
		{11574F44-D2F3-4137-9239-681FD6B7CEEC} = {60CCACD6-8E29-45ED-88FA-2C3E9691758B}
		{972F06C1-E818-4A9D-9B2D-78D5747F9582} = {60CCACD6-8E29-45ED-88FA-2C3E9691758B}
		{0692F023-5A72-4DFA-A2CD-5554D456C036} = {60CCACD6-8E29-45ED-88FA-2C3E9691758B}
		{D7BC1338-AADF-428B-AED2-8A0D8F99B21B} = {60CCACD6-8E29-45ED-88FA-2C3E9691758B}
		{8A45C7FD-A431-4C72-AA84-CBD661214FFB} = {60CCACD6-8E29-45ED-88FA-2C3E9691758B}
		{44A8FAF8-F085-4881-97BC-F5353831E148} = {60CCACD6-8E29-45ED-88FA-2C3E9691758B}
		{63C9769A-C83E-4F06-B93B-AA180E7EC5DC} = {60CCACD6-8E29-45ED-88FA-2C3E9691758B}
		{D17A00D2-D64E-48C9-A984-82E3EC7F8825} = {96607A76-1FC2-4809-A049-B30174DBB66D}
		{95E396F3-BCEF-4EF5-B4C8-2216E6EBD0C2} = {96607A76-1FC2-4809-A049-B30174DBB66D}
		{49CAC1E8-4A16-468F-B77A-5E47BD535D06} = {60CCACD6-8E29-45ED-88FA-2C3E9691758B}
		{30BE1AEF-B818-44A5-AD55-A1F16EFA7B7D} = {96607A76-1FC2-4809-A049-B30174DBB66D}
		{60CCACD6-8E29-45ED-88FA-2C3E9691758B} = {02EA681E-C7D8-13C7-8484-4AC65E1B71E8}
		{96607A76-1FC2-4809-A049-B30174DBB66D} = {02EA681E-C7D8-13C7-8484-4AC65E1B71E8}
	EndGlobalSection
	GlobalSection(ExtensibilityGlobals) = postSolution
		SolutionGuid = {8E1196DD-569B-488B-9562-4454747246B5}
	EndGlobalSection
EndGlobal
